
Microsoft Visual Studio Solution File, Format Version 11.00
# Visual Studio 2010
Project("{FAE04EC0-301F-11D3-BF4B-00C04F79EFBC}") = "ServiceHelper", "ServiceHelper\ServiceHelper.csproj", "{D3009436-DE17-4786-AF49-82E70077BCC9}"
EndProject
Project("{FAE04EC0-301F-11D3-BF4B-00C04F79EFBC}") = "SMSReceiverService", "SMSReceiverService\SMSReceiverService.csproj", "{DD48B995-2869-4148-B05B-DD395F245278}"
EndProject
Project("{FAE04EC0-301F-11D3-BF4B-00C04F79EFBC}") = "ServiceHelperTest", "ServiceHelperTest\ServiceHelperTest.csproj", "{9340AD65-BCEB-4653-966A-8C0BBBD7F6F4}"
EndProject
Project("{FAE04EC0-301F-11D3-BF4B-00C04F79EFBC}") = "SMSWindowsMonitor", "SMSWindowsMonitor\SMSWindowsMonitor.csproj", "{DB5ED315-DCF9-415D-8BC3-2420CD007A0D}"
EndProject
Project("{54435603-DBB4-11D2-8724-00A0C9A8B90C}") = "SMSWindowsInstaller", "SMSWindowsInstaller\SMSWindowsInstaller.vdproj", "{70A8F411-FF34-4045-9A59-BB95C1C68539}"
EndProject
Global
	GlobalSection(SolutionConfigurationPlatforms) = preSolution
		Debug|Any CPU = Debug|Any CPU
		Debug|Mixed Platforms = Debug|Mixed Platforms
		Debug|x86 = Debug|x86
		Release|Any CPU = Release|Any CPU
		Release|Mixed Platforms = Release|Mixed Platforms
		Release|x86 = Release|x86
	EndGlobalSection
	GlobalSection(ProjectConfigurationPlatforms) = postSolution
		{D3009436-DE17-4786-AF49-82E70077BCC9}.Debug|Any CPU.ActiveCfg = Debug|Any CPU
		{D3009436-DE17-4786-AF49-82E70077BCC9}.Debug|Any CPU.Build.0 = Debug|Any CPU
		{D3009436-DE17-4786-AF49-82E70077BCC9}.Debug|Mixed Platforms.ActiveCfg = Debug|Any CPU
		{D3009436-DE17-4786-AF49-82E70077BCC9}.Debug|Mixed Platforms.Build.0 = Debug|Any CPU
		{D3009436-DE17-4786-AF49-82E70077BCC9}.Debug|x86.ActiveCfg = Debug|Any CPU
		{D3009436-DE17-4786-AF49-82E70077BCC9}.Release|Any CPU.ActiveCfg = Release|Any CPU
		{D3009436-DE17-4786-AF49-82E70077BCC9}.Release|Any CPU.Build.0 = Release|Any CPU
		{D3009436-DE17-4786-AF49-82E70077BCC9}.Release|Mixed Platforms.ActiveCfg = Release|Any CPU
		{D3009436-DE17-4786-AF49-82E70077BCC9}.Release|Mixed Platforms.Build.0 = Release|Any CPU
		{D3009436-DE17-4786-AF49-82E70077BCC9}.Release|x86.ActiveCfg = Release|Any CPU
		{DD48B995-2869-4148-B05B-DD395F245278}.Debug|Any CPU.ActiveCfg = Debug|x86
		{DD48B995-2869-4148-B05B-DD395F245278}.Debug|Mixed Platforms.ActiveCfg = Debug|x86
		{DD48B995-2869-4148-B05B-DD395F245278}.Debug|Mixed Platforms.Build.0 = Debug|x86
		{DD48B995-2869-4148-B05B-DD395F245278}.Debug|x86.ActiveCfg = Debug|x86
		{DD48B995-2869-4148-B05B-DD395F245278}.Debug|x86.Build.0 = Debug|x86
		{DD48B995-2869-4148-B05B-DD395F245278}.Release|Any CPU.ActiveCfg = Release|x86
		{DD48B995-2869-4148-B05B-DD395F245278}.Release|Mixed Platforms.ActiveCfg = Release|x86
		{DD48B995-2869-4148-B05B-DD395F245278}.Release|Mixed Platforms.Build.0 = Release|x86
		{DD48B995-2869-4148-B05B-DD395F245278}.Release|x86.ActiveCfg = Release|x86
		{DD48B995-2869-4148-B05B-DD395F245278}.Release|x86.Build.0 = Release|x86
		{9340AD65-BCEB-4653-966A-8C0BBBD7F6F4}.Debug|Any CPU.ActiveCfg = Debug|Any CPU
		{9340AD65-BCEB-4653-966A-8C0BBBD7F6F4}.Debug|Any CPU.Build.0 = Debug|Any CPU
		{9340AD65-BCEB-4653-966A-8C0BBBD7F6F4}.Debug|Mixed Platforms.ActiveCfg = Debug|Any CPU
		{9340AD65-BCEB-4653-966A-8C0BBBD7F6F4}.Debug|Mixed Platforms.Build.0 = Debug|Any CPU
		{9340AD65-BCEB-4653-966A-8C0BBBD7F6F4}.Debug|x86.ActiveCfg = Debug|Any CPU
		{9340AD65-BCEB-4653-966A-8C0BBBD7F6F4}.Release|Any CPU.ActiveCfg = Release|Any CPU
		{9340AD65-BCEB-4653-966A-8C0BBBD7F6F4}.Release|Any CPU.Build.0 = Release|Any CPU
		{9340AD65-BCEB-4653-966A-8C0BBBD7F6F4}.Release|Mixed Platforms.ActiveCfg = Release|Any CPU
		{9340AD65-BCEB-4653-966A-8C0BBBD7F6F4}.Release|Mixed Platforms.Build.0 = Release|Any CPU
		{9340AD65-BCEB-4653-966A-8C0BBBD7F6F4}.Release|x86.ActiveCfg = Release|Any CPU
		{DB5ED315-DCF9-415D-8BC3-2420CD007A0D}.Debug|Any CPU.ActiveCfg = Debug|Any CPU
		{DB5ED315-DCF9-415D-8BC3-2420CD007A0D}.Debug|Any CPU.Build.0 = Debug|Any CPU
		{DB5ED315-DCF9-415D-8BC3-2420CD007A0D}.Debug|Mixed Platforms.ActiveCfg = Debug|Any CPU
		{DB5ED315-DCF9-415D-8BC3-2420CD007A0D}.Debug|Mixed Platforms.Build.0 = Debug|Any CPU
		{DB5ED315-DCF9-415D-8BC3-2420CD007A0D}.Debug|x86.ActiveCfg = Debug|Any CPU
		{DB5ED315-DCF9-415D-8BC3-2420CD007A0D}.Release|Any CPU.ActiveCfg = Release|Any CPU
		{DB5ED315-DCF9-415D-8BC3-2420CD007A0D}.Release|Any CPU.Build.0 = Release|Any CPU
		{DB5ED315-DCF9-415D-8BC3-2420CD007A0D}.Release|Mixed Platforms.ActiveCfg = Release|Any CPU
		{DB5ED315-DCF9-415D-8BC3-2420CD007A0D}.Release|Mixed Platforms.Build.0 = Release|Any CPU
		{DB5ED315-DCF9-415D-8BC3-2420CD007A0D}.Release|x86.ActiveCfg = Release|Any CPU
		{70A8F411-FF34-4045-9A59-BB95C1C68539}.Debug|Any CPU.ActiveCfg = Debug
		{70A8F411-FF34-4045-9A59-BB95C1C68539}.Debug|Mixed Platforms.ActiveCfg = Debug
		{70A8F411-FF34-4045-9A59-BB95C1C68539}.Debug|x86.ActiveCfg = Debug
		{70A8F411-FF34-4045-9A59-BB95C1C68539}.Release|Any CPU.ActiveCfg = Release
		{70A8F411-FF34-4045-9A59-BB95C1C68539}.Release|Mixed Platforms.ActiveCfg = Release
		{70A8F411-FF34-4045-9A59-BB95C1C68539}.Release|x86.ActiveCfg = Release
	EndGlobalSection
	GlobalSection(SolutionProperties) = preSolution
		HideSolutionNode = FALSE
	EndGlobalSection
EndGlobal
